// !$*UTF8*$!
{
	archiveVersion = 1;
	classes = {
	};
	objectVersion = 50;
	objects = {

/* Begin PBXBuildFile section */
		A03508B921A80538002F5AFB /* PreguntasRandomViewController.swift in Sources */ = {isa = PBXBuildFile; fileRef = A03508B821A80538002F5AFB /* PreguntasRandomViewController.swift */; };
		A03508BB21A8054D002F5AFB /* PistasRandomTableViewController.swift in Sources */ = {isa = PBXBuildFile; fileRef = A03508BA21A8054D002F5AFB /* PistasRandomTableViewController.swift */; };
		A03508BD21A809F5002F5AFB /* RespuestaRandomViewController.swift in Sources */ = {isa = PBXBuildFile; fileRef = A03508BC21A809F5002F5AFB /* RespuestaRandomViewController.swift */; };
		A03508BF21A86668002F5AFB /* UsuariosTableViewController.swift in Sources */ = {isa = PBXBuildFile; fileRef = A03508BE21A86668002F5AFB /* UsuariosTableViewController.swift */; };
		A03508C121A86D6C002F5AFB /* UsuarioViewController.swift in Sources */ = {isa = PBXBuildFile; fileRef = A03508C021A86D6C002F5AFB /* UsuarioViewController.swift */; };
		A038850621A6C25300557DD4 /* PreguntaViewController.swift in Sources */ = {isa = PBXBuildFile; fileRef = A038850521A6C25300557DD4 /* PreguntaViewController.swift */; };
		A038850821A6D15D00557DD4 /* PistasTableViewController.swift in Sources */ = {isa = PBXBuildFile; fileRef = A038850721A6D15D00557DD4 /* PistasTableViewController.swift */; };
		A038850A21A7456400557DD4 /* RespuestaViewController.swift in Sources */ = {isa = PBXBuildFile; fileRef = A038850921A7456400557DD4 /* RespuestaViewController.swift */; };
		A038850C21A7755B00557DD4 /* PreguntaEpicaViewController.swift in Sources */ = {isa = PBXBuildFile; fileRef = A038850B21A7755B00557DD4 /* PreguntaEpicaViewController.swift */; };
		A038850E21A775E000557DD4 /* RespuestaEpicaViewController.swift in Sources */ = {isa = PBXBuildFile; fileRef = A038850D21A775E000557DD4 /* RespuestaEpicaViewController.swift */; };
		A038851021A782A100557DD4 /* PistasEpicasTableViewController.swift in Sources */ = {isa = PBXBuildFile; fileRef = A038850F21A782A100557DD4 /* PistasEpicasTableViewController.swift */; };
		A055FEDC21AAEAA500382708 /* PUsuarioTableViewController.swift in Sources */ = {isa = PBXBuildFile; fileRef = A055FEDB21AAEAA500382708 /* PUsuarioTableViewController.swift */; };
		A05AE75521A2DDC30058728D /* AppDelegate.swift in Sources */ = {isa = PBXBuildFile; fileRef = A05AE75421A2DDC30058728D /* AppDelegate.swift */; };
		A05AE75721A2DDC30058728D /* ViewController.swift in Sources */ = {isa = PBXBuildFile; fileRef = A05AE75621A2DDC30058728D /* ViewController.swift */; };
		A05AE75A21A2DDC30058728D /* Main.storyboard in Resources */ = {isa = PBXBuildFile; fileRef = A05AE75821A2DDC30058728D /* Main.storyboard */; };
		A05AE75C21A2DDC60058728D /* Assets.xcassets in Resources */ = {isa = PBXBuildFile; fileRef = A05AE75B21A2DDC60058728D /* Assets.xcassets */; };
		A05AE75F21A2DDC60058728D /* LaunchScreen.storyboard in Resources */ = {isa = PBXBuildFile; fileRef = A05AE75D21A2DDC60058728D /* LaunchScreen.storyboard */; };
		A05AE76721A2E16D0058728D /* TodosTableViewController.swift in Sources */ = {isa = PBXBuildFile; fileRef = A05AE76621A2E16D0058728D /* TodosTableViewController.swift */; };
		A05AE76921A2E1810058728D /* QuizzesTableViewCell.swift in Sources */ = {isa = PBXBuildFile; fileRef = A05AE76821A2E1810058728D /* QuizzesTableViewCell.swift */; };
		A071833121AC73610088F82F /* FavoritosTableViewController.swift in Sources */ = {isa = PBXBuildFile; fileRef = A071833021AC73610088F82F /* FavoritosTableViewController.swift */; };
/* End PBXBuildFile section */

/* Begin PBXFileReference section */
		A03508B821A80538002F5AFB /* PreguntasRandomViewController.swift */ = {isa = PBXFileReference; lastKnownFileType = sourcecode.swift; path = PreguntasRandomViewController.swift; sourceTree = "<group>"; };
		A03508BA21A8054D002F5AFB /* PistasRandomTableViewController.swift */ = {isa = PBXFileReference; lastKnownFileType = sourcecode.swift; path = PistasRandomTableViewController.swift; sourceTree = "<group>"; };
		A03508BC21A809F5002F5AFB /* RespuestaRandomViewController.swift */ = {isa = PBXFileReference; lastKnownFileType = sourcecode.swift; path = RespuestaRandomViewController.swift; sourceTree = "<group>"; };
		A03508BE21A86668002F5AFB /* UsuariosTableViewController.swift */ = {isa = PBXFileReference; lastKnownFileType = sourcecode.swift; path = UsuariosTableViewController.swift; sourceTree = "<group>"; };
		A03508C021A86D6C002F5AFB /* UsuarioViewController.swift */ = {isa = PBXFileReference; lastKnownFileType = sourcecode.swift; path = UsuarioViewController.swift; sourceTree = "<group>"; };
		A038850521A6C25300557DD4 /* PreguntaViewController.swift */ = {isa = PBXFileReference; lastKnownFileType = sourcecode.swift; path = PreguntaViewController.swift; sourceTree = "<group>"; };
		A038850721A6D15D00557DD4 /* PistasTableViewController.swift */ = {isa = PBXFileReference; lastKnownFileType = sourcecode.swift; path = PistasTableViewController.swift; sourceTree = "<group>"; };
		A038850921A7456400557DD4 /* RespuestaViewController.swift */ = {isa = PBXFileReference; lastKnownFileType = sourcecode.swift; path = RespuestaViewController.swift; sourceTree = "<group>"; };
		A038850B21A7755B00557DD4 /* PreguntaEpicaViewController.swift */ = {isa = PBXFileReference; lastKnownFileType = sourcecode.swift; path = PreguntaEpicaViewController.swift; sourceTree = "<group>"; };
		A038850D21A775E000557DD4 /* RespuestaEpicaViewController.swift */ = {isa = PBXFileReference; lastKnownFileType = sourcecode.swift; path = RespuestaEpicaViewController.swift; sourceTree = "<group>"; };
		A038850F21A782A100557DD4 /* PistasEpicasTableViewController.swift */ = {isa = PBXFileReference; lastKnownFileType = sourcecode.swift; path = PistasEpicasTableViewController.swift; sourceTree = "<group>"; };
		A055FEDB21AAEAA500382708 /* PUsuarioTableViewController.swift */ = {isa = PBXFileReference; lastKnownFileType = sourcecode.swift; path = PUsuarioTableViewController.swift; sourceTree = "<group>"; };
		A05AE75121A2DDC30058728D /* P5_QuizAppIOS2018.app */ = {isa = PBXFileReference; explicitFileType = wrapper.application; includeInIndex = 0; path = P5_QuizAppIOS2018.app; sourceTree = BUILT_PRODUCTS_DIR; };
		A05AE75421A2DDC30058728D /* AppDelegate.swift */ = {isa = PBXFileReference; lastKnownFileType = sourcecode.swift; path = AppDelegate.swift; sourceTree = "<group>"; };
		A05AE75621A2DDC30058728D /* ViewController.swift */ = {isa = PBXFileReference; lastKnownFileType = sourcecode.swift; path = ViewController.swift; sourceTree = "<group>"; };
		A05AE75921A2DDC30058728D /* Base */ = {isa = PBXFileReference; lastKnownFileType = file.storyboard; name = Base; path = Base.lproj/Main.storyboard; sourceTree = "<group>"; };
		A05AE75B21A2DDC60058728D /* Assets.xcassets */ = {isa = PBXFileReference; lastKnownFileType = folder.assetcatalog; path = Assets.xcassets; sourceTree = "<group>"; };
		A05AE75E21A2DDC60058728D /* Base */ = {isa = PBXFileReference; lastKnownFileType = file.storyboard; name = Base; path = Base.lproj/LaunchScreen.storyboard; sourceTree = "<group>"; };
		A05AE76021A2DDC60058728D /* Info.plist */ = {isa = PBXFileReference; lastKnownFileType = text.plist.xml; path = Info.plist; sourceTree = "<group>"; };
		A05AE76621A2E16D0058728D /* TodosTableViewController.swift */ = {isa = PBXFileReference; lastKnownFileType = sourcecode.swift; path = TodosTableViewController.swift; sourceTree = "<group>"; };
		A05AE76821A2E1810058728D /* QuizzesTableViewCell.swift */ = {isa = PBXFileReference; lastKnownFileType = sourcecode.swift; path = QuizzesTableViewCell.swift; sourceTree = "<group>"; };
		A071833021AC73610088F82F /* FavoritosTableViewController.swift */ = {isa = PBXFileReference; lastKnownFileType = sourcecode.swift; path = FavoritosTableViewController.swift; sourceTree = "<group>"; };
/* End PBXFileReference section */

/* Begin PBXFrameworksBuildPhase section */
		A05AE74E21A2DDC30058728D /* Frameworks */ = {
			isa = PBXFrameworksBuildPhase;
			buildActionMask = 2147483647;
			files = (
			);
			runOnlyForDeploymentPostprocessing = 0;
		};
/* End PBXFrameworksBuildPhase section */

/* Begin PBXGroup section */
		A05AE74821A2DDC30058728D = {
			isa = PBXGroup;
			children = (
				A05AE75321A2DDC30058728D /* P5_QuizAppIOS2018 */,
				A05AE75221A2DDC30058728D /* Products */,
			);
			sourceTree = "<group>";
		};
		A05AE75221A2DDC30058728D /* Products */ = {
			isa = PBXGroup;
			children = (
				A05AE75121A2DDC30058728D /* P5_QuizAppIOS2018.app */,
			);
			name = Products;
			sourceTree = "<group>";
		};
		A05AE75321A2DDC30058728D /* P5_QuizAppIOS2018 */ = {
			isa = PBXGroup;
			children = (
				A05AE75421A2DDC30058728D /* AppDelegate.swift */,
				A05AE75621A2DDC30058728D /* ViewController.swift */,
				A055FEDB21AAEAA500382708 /* PUsuarioTableViewController.swift */,
				A038850B21A7755B00557DD4 /* PreguntaEpicaViewController.swift */,
				A05AE75821A2DDC30058728D /* Main.storyboard */,
				A038850721A6D15D00557DD4 /* PistasTableViewController.swift */,
				A05AE75B21A2DDC60058728D /* Assets.xcassets */,
				A05AE75D21A2DDC60058728D /* LaunchScreen.storyboard */,
				A05AE76021A2DDC60058728D /* Info.plist */,
				A05AE76621A2E16D0058728D /* TodosTableViewController.swift */,
				A05AE76821A2E1810058728D /* QuizzesTableViewCell.swift */,
				A038850521A6C25300557DD4 /* PreguntaViewController.swift */,
				A038850921A7456400557DD4 /* RespuestaViewController.swift */,
				A071833021AC73610088F82F /* FavoritosTableViewController.swift */,
				A038850D21A775E000557DD4 /* RespuestaEpicaViewController.swift */,
				A038850F21A782A100557DD4 /* PistasEpicasTableViewController.swift */,
				A03508B821A80538002F5AFB /* PreguntasRandomViewController.swift */,
				A03508BA21A8054D002F5AFB /* PistasRandomTableViewController.swift */,
				A03508BC21A809F5002F5AFB /* RespuestaRandomViewController.swift */,
				A03508BE21A86668002F5AFB /* UsuariosTableViewController.swift */,
				A03508C021A86D6C002F5AFB /* UsuarioViewController.swift */,
			);
			path = P5_QuizAppIOS2018;
			sourceTree = "<group>";
		};
/* End PBXGroup section */

/* Begin PBXNativeTarget section */
		A05AE75021A2DDC30058728D /* P5_QuizAppIOS2018 */ = {
			isa = PBXNativeTarget;
			buildConfigurationList = A05AE76321A2DDC60058728D /* Build configuration list for PBXNativeTarget "P5_QuizAppIOS2018" */;
			buildPhases = (
				A05AE74D21A2DDC30058728D /* Sources */,
				A05AE74E21A2DDC30058728D /* Frameworks */,
				A05AE74F21A2DDC30058728D /* Resources */,
			);
			buildRules = (
			);
			dependencies = (
			);
			name = P5_QuizAppIOS2018;
			productName = P5_QuizAppIOS2018;
			productReference = A05AE75121A2DDC30058728D /* P5_QuizAppIOS2018.app */;
			productType = "com.apple.product-type.application";
		};
/* End PBXNativeTarget section */

/* Begin PBXProject section */
		A05AE74921A2DDC30058728D /* Project object */ = {
			isa = PBXProject;
			attributes = {
				LastSwiftUpdateCheck = 1010;
				LastUpgradeCheck = 1010;
				ORGANIZATIONNAME = UPM;
				TargetAttributes = {
					A05AE75021A2DDC30058728D = {
						CreatedOnToolsVersion = 10.1;
					};
				};
			};
			buildConfigurationList = A05AE74C21A2DDC30058728D /* Build configuration list for PBXProject "P5_QuizAppIOS2018" */;
			compatibilityVersion = "Xcode 9.3";
			developmentRegion = en;
			hasScannedForEncodings = 0;
			knownRegions = (
				en,
				Base,
			);
			mainGroup = A05AE74821A2DDC30058728D;
			productRefGroup = A05AE75221A2DDC30058728D /* Products */;
			projectDirPath = "";
			projectRoot = "";
			targets = (
				A05AE75021A2DDC30058728D /* P5_QuizAppIOS2018 */,
			);
		};
/* End PBXProject section */

/* Begin PBXResourcesBuildPhase section */
		A05AE74F21A2DDC30058728D /* Resources */ = {
			isa = PBXResourcesBuildPhase;
			buildActionMask = 2147483647;
			files = (
				A05AE75F21A2DDC60058728D /* LaunchScreen.storyboard in Resources */,
				A05AE75C21A2DDC60058728D /* Assets.xcassets in Resources */,
				A05AE75A21A2DDC30058728D /* Main.storyboard in Resources */,
			);
			runOnlyForDeploymentPostprocessing = 0;
		};
/* End PBXResourcesBuildPhase section */

/* Begin PBXSourcesBuildPhase section */
		A05AE74D21A2DDC30058728D /* Sources */ = {
			isa = PBXSourcesBuildPhase;
			buildActionMask = 2147483647;
			files = (
				A03508BB21A8054D002F5AFB /* PistasRandomTableViewController.swift in Sources */,
				A055FEDC21AAEAA500382708 /* PUsuarioTableViewController.swift in Sources */,
				A05AE75721A2DDC30058728D /* ViewController.swift in Sources */,
				A03508C121A86D6C002F5AFB /* UsuarioViewController.swift in Sources */,
				A03508BF21A86668002F5AFB /* UsuariosTableViewController.swift in Sources */,
				A071833121AC73610088F82F /* FavoritosTableViewController.swift in Sources */,
				A03508B921A80538002F5AFB /* PreguntasRandomViewController.swift in Sources */,
				A038850C21A7755B00557DD4 /* PreguntaEpicaViewController.swift in Sources */,
				A05AE75521A2DDC30058728D /* AppDelegate.swift in Sources */,
				A03508BD21A809F5002F5AFB /* RespuestaRandomViewController.swift in Sources */,
				A038850E21A775E000557DD4 /* RespuestaEpicaViewController.swift in Sources */,
				A038850621A6C25300557DD4 /* PreguntaViewController.swift in Sources */,
				A038850821A6D15D00557DD4 /* PistasTableViewController.swift in Sources */,
				A05AE76721A2E16D0058728D /* TodosTableViewController.swift in Sources */,
				A05AE76921A2E1810058728D /* QuizzesTableViewCell.swift in Sources */,
				A038851021A782A100557DD4 /* PistasEpicasTableViewController.swift in Sources */,
				A038850A21A7456400557DD4 /* RespuestaViewController.swift in Sources */,
			);
			runOnlyForDeploymentPostprocessing = 0;
		};
/* End PBXSourcesBuildPhase section */

/* Begin PBXVariantGroup section */
		A05AE75821A2DDC30058728D /* Main.storyboard */ = {
			isa = PBXVariantGroup;
			children = (
				A05AE75921A2DDC30058728D /* Base */,
			);
			name = Main.storyboard;
			sourceTree = "<group>";
		};
		A05AE75D21A2DDC60058728D /* LaunchScreen.storyboard */ = {
			isa = PBXVariantGroup;
			children = (
				A05AE75E21A2DDC60058728D /* Base */,
			);
			name = LaunchScreen.storyboard;
			sourceTree = "<group>";
		};
/* End PBXVariantGroup section */

/* Begin XCBuildConfiguration section */
		A05AE76121A2DDC60058728D /* Debug */ = {
			isa = XCBuildConfiguration;
			buildSettings = {
				ALWAYS_SEARCH_USER_PATHS = NO;
				CLANG_ANALYZER_NONNULL = YES;
				CLANG_ANALYZER_NUMBER_OBJECT_CONVERSION = YES_AGGRESSIVE;
				CLANG_CXX_LANGUAGE_STANDARD = "gnu++14";
				CLANG_CXX_LIBRARY = "libc++";
				CLANG_ENABLE_MODULES = YES;
				CLANG_ENABLE_OBJC_ARC = YES;
				CLANG_ENABLE_OBJC_WEAK = YES;
				CLANG_WARN_BLOCK_CAPTURE_AUTORELEASING = YES;
				CLANG_WARN_BOOL_CONVERSION = YES;
				CLANG_WARN_COMMA = YES;
				CLANG_WARN_CONSTANT_CONVERSION = YES;
				CLANG_WARN_DEPRECATED_OBJC_IMPLEMENTATIONS = YES;
				CLANG_WARN_DIRECT_OBJC_ISA_USAGE = YES_ERROR;
				CLANG_WARN_DOCUMENTATION_COMMENTS = YES;
				CLANG_WARN_EMPTY_BODY = YES;
				CLANG_WARN_ENUM_CONVERSION = YES;
				CLANG_WARN_INFINITE_RECURSION = YES;
				CLANG_WARN_INT_CONVERSION = YES;
				CLANG_WARN_NON_LITERAL_NULL_CONVERSION = YES;
				CLANG_WARN_OBJC_IMPLICIT_RETAIN_SELF = YES;
				CLANG_WARN_OBJC_LITERAL_CONVERSION = YES;
				CLANG_WARN_OBJC_ROOT_CLASS = YES_ERROR;
				CLANG_WARN_RANGE_LOOP_ANALYSIS = YES;
				CLANG_WARN_STRICT_PROTOTYPES = YES;
				CLANG_WARN_SUSPICIOUS_MOVE = YES;
				CLANG_WARN_UNGUARDED_AVAILABILITY = YES_AGGRESSIVE;
				CLANG_WARN_UNREACHABLE_CODE = YES;
				CLANG_WARN__DUPLICATE_METHOD_MATCH = YES;
				CODE_SIGN_IDENTITY = "iPhone Developer";
				COPY_PHASE_STRIP = NO;
				DEBUG_INFORMATION_FORMAT = dwarf;
				ENABLE_STRICT_OBJC_MSGSEND = YES;
				ENABLE_TESTABILITY = YES;
				GCC_C_LANGUAGE_STANDARD = gnu11;
				GCC_DYNAMIC_NO_PIC = NO;
				GCC_NO_COMMON_BLOCKS = YES;
				GCC_OPTIMIZATION_LEVEL = 0;
				GCC_PREPROCESSOR_DEFINITIONS = (
					"DEBUG=1",
					"$(inherited)",
				);
				GCC_WARN_64_TO_32_BIT_CONVERSION = YES;
				GCC_WARN_ABOUT_RETURN_TYPE = YES_ERROR;
				GCC_WARN_UNDECLARED_SELECTOR = YES;
				GCC_WARN_UNINITIALIZED_AUTOS = YES_AGGRESSIVE;
				GCC_WARN_UNUSED_FUNCTION = YES;
				GCC_WARN_UNUSED_VARIABLE = YES;
				IPHONEOS_DEPLOYMENT_TARGET = 12.1;
				MTL_ENABLE_DEBUG_INFO = INCLUDE_SOURCE;
				MTL_FAST_MATH = YES;
				ONLY_ACTIVE_ARCH = YES;
				SDKROOT = iphoneos;
				SWIFT_ACTIVE_COMPILATION_CONDITIONS = DEBUG;
				SWIFT_OPTIMIZATION_LEVEL = "-Onone";
			};
			name = Debug;
		};
		A05AE76221A2DDC60058728D /* Release */ = {
			isa = XCBuildConfiguration;
			buildSettings = {
				ALWAYS_SEARCH_USER_PATHS = NO;
				CLANG_ANALYZER_NONNULL = YES;
				CLANG_ANALYZER_NUMBER_OBJECT_CONVERSION = YES_AGGRESSIVE;
				CLANG_CXX_LANGUAGE_STANDARD = "gnu++14";
				CLANG_CXX_LIBRARY = "libc++";
				CLANG_ENABLE_MODULES = YES;
				CLANG_ENABLE_OBJC_ARC = YES;
				CLANG_ENABLE_OBJC_WEAK = YES;
				CLANG_WARN_BLOCK_CAPTURE_AUTORELEASING = YES;
				CLANG_WARN_BOOL_CONVERSION = YES;
				CLANG_WARN_COMMA = YES;
				CLANG_WARN_CONSTANT_CONVERSION = YES;
				CLANG_WARN_DEPRECATED_OBJC_IMPLEMENTATIONS = YES;
				CLANG_WARN_DIRECT_OBJC_ISA_USAGE = YES_ERROR;
				CLANG_WARN_DOCUMENTATION_COMMENTS = YES;
				CLANG_WARN_EMPTY_BODY = YES;
				CLANG_WARN_ENUM_CONVERSION = YES;
				CLANG_WARN_INFINITE_RECURSION = YES;
				CLANG_WARN_INT_CONVERSION = YES;
				CLANG_WARN_NON_LITERAL_NULL_CONVERSION = YES;
				CLANG_WARN_OBJC_IMPLICIT_RETAIN_SELF = YES;
				CLANG_WARN_OBJC_LITERAL_CONVERSION = YES;
				CLANG_WARN_OBJC_ROOT_CLASS = YES_ERROR;
				CLANG_WARN_RANGE_LOOP_ANALYSIS = YES;
				CLANG_WARN_STRICT_PROTOTYPES = YES;
				CLANG_WARN_SUSPICIOUS_MOVE = YES;
				CLANG_WARN_UNGUARDED_AVAILABILITY = YES_AGGRESSIVE;
				CLANG_WARN_UNREACHABLE_CODE = YES;
				CLANG_WARN__DUPLICATE_METHOD_MATCH = YES;
				CODE_SIGN_IDENTITY = "iPhone Developer";
				COPY_PHASE_STRIP = NO;
				DEBUG_INFORMATION_FORMAT = "dwarf-with-dsym";
				ENABLE_NS_ASSERTIONS = NO;
				ENABLE_STRICT_OBJC_MSGSEND = YES;
				GCC_C_LANGUAGE_STANDARD = gnu11;
				GCC_NO_COMMON_BLOCKS = YES;
				GCC_WARN_64_TO_32_BIT_CONVERSION = YES;
				GCC_WARN_ABOUT_RETURN_TYPE = YES_ERROR;
				GCC_WARN_UNDECLARED_SELECTOR = YES;
				GCC_WARN_UNINITIALIZED_AUTOS = YES_AGGRESSIVE;
				GCC_WARN_UNUSED_FUNCTION = YES;
				GCC_WARN_UNUSED_VARIABLE = YES;
				IPHONEOS_DEPLOYMENT_TARGET = 12.1;
				MTL_ENABLE_DEBUG_INFO = NO;
				MTL_FAST_MATH = YES;
				SDKROOT = iphoneos;
				SWIFT_COMPILATION_MODE = wholemodule;
				SWIFT_OPTIMIZATION_LEVEL = "-O";
				VALIDATE_PRODUCT = YES;
			};
			name = Release;
		};
		A05AE76421A2DDC60058728D /* Debug */ = {
			isa = XCBuildConfiguration;
			buildSettings = {
				ASSETCATALOG_COMPILER_APPICON_NAME = AppIcon;
				CODE_SIGN_STYLE = Automatic;
				DEVELOPMENT_TEAM = MSRM7J7YUT;
				INFOPLIST_FILE = P5_QuizAppIOS2018/Info.plist;
				LD_RUNPATH_SEARCH_PATHS = (
					"$(inherited)",
					"@executable_path/Frameworks",
				);
				PRODUCT_BUNDLE_IDENTIFIER = "es.upm.P5-QuizAppIOS2018";
				PRODUCT_NAME = "$(TARGET_NAME)";
				SWIFT_VERSION = 4.2;
				TARGETED_DEVICE_FAMILY = "1,2";
			};
			name = Debug;
		};
		A05AE76521A2DDC60058728D /* Release */ = {
			isa = XCBuildConfiguration;
			buildSettings = {
				ASSETCATALOG_COMPILER_APPICON_NAME = AppIcon;
				CODE_SIGN_STYLE = Automatic;
				DEVELOPMENT_TEAM = MSRM7J7YUT;
				INFOPLIST_FILE = P5_QuizAppIOS2018/Info.plist;
				LD_RUNPATH_SEARCH_PATHS = (
					"$(inherited)",
					"@executable_path/Frameworks",
				);
				PRODUCT_BUNDLE_IDENTIFIER = "es.upm.P5-QuizAppIOS2018";
				PRODUCT_NAME = "$(TARGET_NAME)";
				SWIFT_VERSION = 4.2;
				TARGETED_DEVICE_FAMILY = "1,2";
			};
			name = Release;
		};
/* End XCBuildConfiguration section */

/* Begin XCConfigurationList section */
		A05AE74C21A2DDC30058728D /* Build configuration list for PBXProject "P5_QuizAppIOS2018" */ = {
			isa = XCConfigurationList;
			buildConfigurations = (
				A05AE76121A2DDC60058728D /* Debug */,
				A05AE76221A2DDC60058728D /* Release */,
			);
			defaultConfigurationIsVisible = 0;
			defaultConfigurationName = Release;
		};
		A05AE76321A2DDC60058728D /* Build configuration list for PBXNativeTarget "P5_QuizAppIOS2018" */ = {
			isa = XCConfigurationList;
			buildConfigurations = (
				A05AE76421A2DDC60058728D /* Debug */,
				A05AE76521A2DDC60058728D /* Release */,
			);
			defaultConfigurationIsVisible = 0;
			defaultConfigurationName = Release;
		};
/* End XCConfigurationList section */
	};
	rootObject = A05AE74921A2DDC30058728D /* Project object */;
}
